
Microsoft Visual Studio Solution File, Format Version 12.00
# Visual Studio Version 17
VisualStudioVersion = 17.11.35327.3
MinimumVisualStudioVersion = 10.0.40219.1
Project("{8BC9CEB8-8B4A-11D0-8D11-00A0C91BC942}") = "Lesson1", "#0\#0.vcxproj", "{2E5A8E8B-F528-4627-BA0B-F423F9AC1410}"
EndProject
Project("{8BC9CEB8-8B4A-11D0-8D11-00A0C91BC942}") = "Lesson2", "Lesson2\Lesson2.vcxproj", "{EFD0CEEA-4BCA-458B-B00D-5328B7C9A988}"
EndProject
Project("{8BC9CEB8-8B4A-11D0-8D11-00A0C91BC942}") = "Lesson3", "Lesson3\Lesson3.vcxproj", "{DD0B3F30-CF99-4AB9-8EC3-73DC7F015477}"
EndProject
Project("{8BC9CEB8-8B4A-11D0-8D11-00A0C91BC942}") = "Lesson4", "Lesson4\Lesson4.vcxproj", "{9B902469-CE34-4A43-A079-4C6E81DCF357}"
EndProject
Project("{8BC9CEB8-8B4A-11D0-8D11-00A0C91BC942}") = "Lesson5", "Lesson5\Lesson5.vcxproj", "{81B45F10-852B-4B88-BA12-808001725857}"
EndProject
Project("{8BC9CEB8-8B4A-11D0-8D11-00A0C91BC942}") = "Lesson6", "Lesson6\Lesson6.vcxproj", "{8B639A71-1A7B-4E31-8879-106690081EE7}"
EndProject
Project("{8BC9CEB8-8B4A-11D0-8D11-00A0C91BC942}") = "Lesson7", "Lesson7\Lesson7.vcxproj", "{46CC7F1C-FD85-4F57-A84E-496F2DE9015F}"
EndProject
Project("{8BC9CEB8-8B4A-11D0-8D11-00A0C91BC942}") = "Lesson8", "Lesson8\Lesson8.vcxproj", "{941E6D9A-C44B-4591-9151-F2C4B91472EE}"
EndProject
Project("{8BC9CEB8-8B4A-11D0-8D11-00A0C91BC942}") = "Lesson9", "Lesson9\Lesson9.vcxproj", "{EDD2B39B-B614-4E8F-B4BD-A215CD9B6A00}"
EndProject
Project("{8BC9CEB8-8B4A-11D0-8D11-00A0C91BC942}") = "Lesson10", "Lesson10\Lesson10.vcxproj", "{3D55BBED-7F15-40D5-B327-458FE19AA2D0}"
EndProject
Project("{8BC9CEB8-8B4A-11D0-8D11-00A0C91BC942}") = "Lesson11", "Lesson11\Lesson11.vcxproj", "{A4EDE877-B66C-4E8B-82FD-C3B5A2A2BAD6}"
EndProject
Project("{8BC9CEB8-8B4A-11D0-8D11-00A0C91BC942}") = "Lesson12", "Lesson12\Lesson12.vcxproj", "{C737ACBE-DA67-430F-9E25-ED819A87FB61}"
EndProject
Project("{8BC9CEB8-8B4A-11D0-8D11-00A0C91BC942}") = "Lesson13", "Lesson13\Lesson13.vcxproj", "{600BD90B-A639-40AD-8966-6C5CAEA01807}"
EndProject
Project("{8BC9CEB8-8B4A-11D0-8D11-00A0C91BC942}") = "Lesson 14", "Lesson 14\Lesson 14.vcxproj", "{54BCD7D8-057B-42E7-9C92-DD3D3C5B1932}"
EndProject
Project("{8BC9CEB8-8B4A-11D0-8D11-00A0C91BC942}") = "Lesson15", "Lesson15\Lesson15.vcxproj", "{023A252B-8912-4C8E-810A-53E403F611F5}"
EndProject
Project("{8BC9CEB8-8B4A-11D0-8D11-00A0C91BC942}") = "Lesson16", "Lesson16\Lesson16.vcxproj", "{B46C4218-0A24-44AD-94A5-54C5E7400EFE}"
EndProject
Project("{8BC9CEB8-8B4A-11D0-8D11-00A0C91BC942}") = "Lesson 17", "Lesson 17\Lesson 17.vcxproj", "{D450B1D4-6ADD-4800-9828-AA33CA7742F4}"
EndProject
Project("{8BC9CEB8-8B4A-11D0-8D11-00A0C91BC942}") = "Lesson18", "Lesson18\Lesson18.vcxproj", "{5566C83B-DF2E-435F-8864-9121E69D9DC3}"
EndProject
Project("{8BC9CEB8-8B4A-11D0-8D11-00A0C91BC942}") = "Lesson19", "Lesson19\Lesson19.vcxproj", "{30443299-38AD-4E0E-AF49-4D44499D1CC7}"
EndProject
Project("{8BC9CEB8-8B4A-11D0-8D11-00A0C91BC942}") = "Lesson 20", "Lesson 20\Lesson 20.vcxproj", "{2F142146-EBFA-4C73-86B7-0B1DE4F209EE}"
EndProject
Project("{8BC9CEB8-8B4A-11D0-8D11-00A0C91BC942}") = "winweb1", "winweb1\winweb1.vcxproj", "{AE58A5D2-BD3A-4A42-A7E5-3D4E35774ED2}"
EndProject
Project("{8BC9CEB8-8B4A-11D0-8D11-00A0C91BC942}") = "lesson22", "lesson22\lesson22.vcxproj", "{0859FE97-033C-4063-A577-45B53008EBA7}"
EndProject
Global
	GlobalSection(SolutionConfigurationPlatforms) = preSolution
		Debug|x64 = Debug|x64
		Debug|x86 = Debug|x86
		Release|x64 = Release|x64
		Release|x86 = Release|x86
	EndGlobalSection
	GlobalSection(ProjectConfigurationPlatforms) = postSolution
		{2E5A8E8B-F528-4627-BA0B-F423F9AC1410}.Debug|x64.ActiveCfg = Debug|x64
		{2E5A8E8B-F528-4627-BA0B-F423F9AC1410}.Debug|x64.Build.0 = Debug|x64
		{2E5A8E8B-F528-4627-BA0B-F423F9AC1410}.Debug|x86.ActiveCfg = Debug|Win32
		{2E5A8E8B-F528-4627-BA0B-F423F9AC1410}.Debug|x86.Build.0 = Debug|Win32
		{2E5A8E8B-F528-4627-BA0B-F423F9AC1410}.Release|x64.ActiveCfg = Release|x64
		{2E5A8E8B-F528-4627-BA0B-F423F9AC1410}.Release|x64.Build.0 = Release|x64
		{2E5A8E8B-F528-4627-BA0B-F423F9AC1410}.Release|x86.ActiveCfg = Release|Win32
		{2E5A8E8B-F528-4627-BA0B-F423F9AC1410}.Release|x86.Build.0 = Release|Win32
		{EFD0CEEA-4BCA-458B-B00D-5328B7C9A988}.Debug|x64.ActiveCfg = Debug|x64
		{EFD0CEEA-4BCA-458B-B00D-5328B7C9A988}.Debug|x64.Build.0 = Debug|x64
		{EFD0CEEA-4BCA-458B-B00D-5328B7C9A988}.Debug|x86.ActiveCfg = Debug|Win32
		{EFD0CEEA-4BCA-458B-B00D-5328B7C9A988}.Debug|x86.Build.0 = Debug|Win32
		{EFD0CEEA-4BCA-458B-B00D-5328B7C9A988}.Release|x64.ActiveCfg = Release|x64
		{EFD0CEEA-4BCA-458B-B00D-5328B7C9A988}.Release|x64.Build.0 = Release|x64
		{EFD0CEEA-4BCA-458B-B00D-5328B7C9A988}.Release|x86.ActiveCfg = Release|Win32
		{EFD0CEEA-4BCA-458B-B00D-5328B7C9A988}.Release|x86.Build.0 = Release|Win32
		{DD0B3F30-CF99-4AB9-8EC3-73DC7F015477}.Debug|x64.ActiveCfg = Debug|x64
		{DD0B3F30-CF99-4AB9-8EC3-73DC7F015477}.Debug|x64.Build.0 = Debug|x64
		{DD0B3F30-CF99-4AB9-8EC3-73DC7F015477}.Debug|x86.ActiveCfg = Debug|Win32
		{DD0B3F30-CF99-4AB9-8EC3-73DC7F015477}.Debug|x86.Build.0 = Debug|Win32
		{DD0B3F30-CF99-4AB9-8EC3-73DC7F015477}.Release|x64.ActiveCfg = Release|x64
		{DD0B3F30-CF99-4AB9-8EC3-73DC7F015477}.Release|x64.Build.0 = Release|x64
		{DD0B3F30-CF99-4AB9-8EC3-73DC7F015477}.Release|x86.ActiveCfg = Release|Win32
		{DD0B3F30-CF99-4AB9-8EC3-73DC7F015477}.Release|x86.Build.0 = Release|Win32
		{9B902469-CE34-4A43-A079-4C6E81DCF357}.Debug|x64.ActiveCfg = Debug|x64
		{9B902469-CE34-4A43-A079-4C6E81DCF357}.Debug|x64.Build.0 = Debug|x64
		{9B902469-CE34-4A43-A079-4C6E81DCF357}.Debug|x86.ActiveCfg = Debug|Win32
		{9B902469-CE34-4A43-A079-4C6E81DCF357}.Debug|x86.Build.0 = Debug|Win32
		{9B902469-CE34-4A43-A079-4C6E81DCF357}.Release|x64.ActiveCfg = Release|x64
		{9B902469-CE34-4A43-A079-4C6E81DCF357}.Release|x64.Build.0 = Release|x64
		{9B902469-CE34-4A43-A079-4C6E81DCF357}.Release|x86.ActiveCfg = Release|Win32
		{9B902469-CE34-4A43-A079-4C6E81DCF357}.Release|x86.Build.0 = Release|Win32
		{81B45F10-852B-4B88-BA12-808001725857}.Debug|x64.ActiveCfg = Debug|x64
		{81B45F10-852B-4B88-BA12-808001725857}.Debug|x64.Build.0 = Debug|x64
		{81B45F10-852B-4B88-BA12-808001725857}.Debug|x86.ActiveCfg = Debug|Win32
		{81B45F10-852B-4B88-BA12-808001725857}.Debug|x86.Build.0 = Debug|Win32
		{81B45F10-852B-4B88-BA12-808001725857}.Release|x64.ActiveCfg = Release|x64
		{81B45F10-852B-4B88-BA12-808001725857}.Release|x64.Build.0 = Release|x64
		{81B45F10-852B-4B88-BA12-808001725857}.Release|x86.ActiveCfg = Release|Win32
		{81B45F10-852B-4B88-BA12-808001725857}.Release|x86.Build.0 = Release|Win32
		{8B639A71-1A7B-4E31-8879-106690081EE7}.Debug|x64.ActiveCfg = Debug|x64
		{8B639A71-1A7B-4E31-8879-106690081EE7}.Debug|x64.Build.0 = Debug|x64
		{8B639A71-1A7B-4E31-8879-106690081EE7}.Debug|x86.ActiveCfg = Debug|Win32
		{8B639A71-1A7B-4E31-8879-106690081EE7}.Debug|x86.Build.0 = Debug|Win32
		{8B639A71-1A7B-4E31-8879-106690081EE7}.Release|x64.ActiveCfg = Release|x64
		{8B639A71-1A7B-4E31-8879-106690081EE7}.Release|x64.Build.0 = Release|x64
		{8B639A71-1A7B-4E31-8879-106690081EE7}.Release|x86.ActiveCfg = Release|Win32
		{8B639A71-1A7B-4E31-8879-106690081EE7}.Release|x86.Build.0 = Release|Win32
		{46CC7F1C-FD85-4F57-A84E-496F2DE9015F}.Debug|x64.ActiveCfg = Debug|x64
		{46CC7F1C-FD85-4F57-A84E-496F2DE9015F}.Debug|x64.Build.0 = Debug|x64
		{46CC7F1C-FD85-4F57-A84E-496F2DE9015F}.Debug|x86.ActiveCfg = Debug|Win32
		{46CC7F1C-FD85-4F57-A84E-496F2DE9015F}.Debug|x86.Build.0 = Debug|Win32
		{46CC7F1C-FD85-4F57-A84E-496F2DE9015F}.Release|x64.ActiveCfg = Release|x64
		{46CC7F1C-FD85-4F57-A84E-496F2DE9015F}.Release|x64.Build.0 = Release|x64
		{46CC7F1C-FD85-4F57-A84E-496F2DE9015F}.Release|x86.ActiveCfg = Release|Win32
		{46CC7F1C-FD85-4F57-A84E-496F2DE9015F}.Release|x86.Build.0 = Release|Win32
		{941E6D9A-C44B-4591-9151-F2C4B91472EE}.Debug|x64.ActiveCfg = Debug|x64
		{941E6D9A-C44B-4591-9151-F2C4B91472EE}.Debug|x64.Build.0 = Debug|x64
		{941E6D9A-C44B-4591-9151-F2C4B91472EE}.Debug|x86.ActiveCfg = Debug|Win32
		{941E6D9A-C44B-4591-9151-F2C4B91472EE}.Debug|x86.Build.0 = Debug|Win32
		{941E6D9A-C44B-4591-9151-F2C4B91472EE}.Release|x64.ActiveCfg = Release|x64
		{941E6D9A-C44B-4591-9151-F2C4B91472EE}.Release|x64.Build.0 = Release|x64
		{941E6D9A-C44B-4591-9151-F2C4B91472EE}.Release|x86.ActiveCfg = Release|Win32
		{941E6D9A-C44B-4591-9151-F2C4B91472EE}.Release|x86.Build.0 = Release|Win32
		{EDD2B39B-B614-4E8F-B4BD-A215CD9B6A00}.Debug|x64.ActiveCfg = Debug|x64
		{EDD2B39B-B614-4E8F-B4BD-A215CD9B6A00}.Debug|x64.Build.0 = Debug|x64
		{EDD2B39B-B614-4E8F-B4BD-A215CD9B6A00}.Debug|x86.ActiveCfg = Debug|Win32
		{EDD2B39B-B614-4E8F-B4BD-A215CD9B6A00}.Debug|x86.Build.0 = Debug|Win32
		{EDD2B39B-B614-4E8F-B4BD-A215CD9B6A00}.Release|x64.ActiveCfg = Release|x64
		{EDD2B39B-B614-4E8F-B4BD-A215CD9B6A00}.Release|x64.Build.0 = Release|x64
		{EDD2B39B-B614-4E8F-B4BD-A215CD9B6A00}.Release|x86.ActiveCfg = Release|Win32
		{EDD2B39B-B614-4E8F-B4BD-A215CD9B6A00}.Release|x86.Build.0 = Release|Win32
		{3D55BBED-7F15-40D5-B327-458FE19AA2D0}.Debug|x64.ActiveCfg = Debug|x64
		{3D55BBED-7F15-40D5-B327-458FE19AA2D0}.Debug|x64.Build.0 = Debug|x64
		{3D55BBED-7F15-40D5-B327-458FE19AA2D0}.Debug|x86.ActiveCfg = Debug|Win32
		{3D55BBED-7F15-40D5-B327-458FE19AA2D0}.Debug|x86.Build.0 = Debug|Win32
		{3D55BBED-7F15-40D5-B327-458FE19AA2D0}.Release|x64.ActiveCfg = Release|x64
		{3D55BBED-7F15-40D5-B327-458FE19AA2D0}.Release|x64.Build.0 = Release|x64
		{3D55BBED-7F15-40D5-B327-458FE19AA2D0}.Release|x86.ActiveCfg = Release|Win32
		{3D55BBED-7F15-40D5-B327-458FE19AA2D0}.Release|x86.Build.0 = Release|Win32
		{A4EDE877-B66C-4E8B-82FD-C3B5A2A2BAD6}.Debug|x64.ActiveCfg = Debug|x64
		{A4EDE877-B66C-4E8B-82FD-C3B5A2A2BAD6}.Debug|x64.Build.0 = Debug|x64
		{A4EDE877-B66C-4E8B-82FD-C3B5A2A2BAD6}.Debug|x86.ActiveCfg = Debug|Win32
		{A4EDE877-B66C-4E8B-82FD-C3B5A2A2BAD6}.Debug|x86.Build.0 = Debug|Win32
		{A4EDE877-B66C-4E8B-82FD-C3B5A2A2BAD6}.Release|x64.ActiveCfg = Release|x64
		{A4EDE877-B66C-4E8B-82FD-C3B5A2A2BAD6}.Release|x64.Build.0 = Release|x64
		{A4EDE877-B66C-4E8B-82FD-C3B5A2A2BAD6}.Release|x86.ActiveCfg = Release|Win32
		{A4EDE877-B66C-4E8B-82FD-C3B5A2A2BAD6}.Release|x86.Build.0 = Release|Win32
		{C737ACBE-DA67-430F-9E25-ED819A87FB61}.Debug|x64.ActiveCfg = Debug|x64
		{C737ACBE-DA67-430F-9E25-ED819A87FB61}.Debug|x64.Build.0 = Debug|x64
		{C737ACBE-DA67-430F-9E25-ED819A87FB61}.Debug|x86.ActiveCfg = Debug|Win32
		{C737ACBE-DA67-430F-9E25-ED819A87FB61}.Debug|x86.Build.0 = Debug|Win32
		{C737ACBE-DA67-430F-9E25-ED819A87FB61}.Release|x64.ActiveCfg = Release|x64
		{C737ACBE-DA67-430F-9E25-ED819A87FB61}.Release|x64.Build.0 = Release|x64
		{C737ACBE-DA67-430F-9E25-ED819A87FB61}.Release|x86.ActiveCfg = Release|Win32
		{C737ACBE-DA67-430F-9E25-ED819A87FB61}.Release|x86.Build.0 = Release|Win32
		{600BD90B-A639-40AD-8966-6C5CAEA01807}.Debug|x64.ActiveCfg = Debug|x64
		{600BD90B-A639-40AD-8966-6C5CAEA01807}.Debug|x64.Build.0 = Debug|x64
		{600BD90B-A639-40AD-8966-6C5CAEA01807}.Debug|x86.ActiveCfg = Debug|Win32
		{600BD90B-A639-40AD-8966-6C5CAEA01807}.Debug|x86.Build.0 = Debug|Win32
		{600BD90B-A639-40AD-8966-6C5CAEA01807}.Release|x64.ActiveCfg = Release|x64
		{600BD90B-A639-40AD-8966-6C5CAEA01807}.Release|x64.Build.0 = Release|x64
		{600BD90B-A639-40AD-8966-6C5CAEA01807}.Release|x86.ActiveCfg = Release|Win32
		{600BD90B-A639-40AD-8966-6C5CAEA01807}.Release|x86.Build.0 = Release|Win32
		{54BCD7D8-057B-42E7-9C92-DD3D3C5B1932}.Debug|x64.ActiveCfg = Debug|x64
		{54BCD7D8-057B-42E7-9C92-DD3D3C5B1932}.Debug|x64.Build.0 = Debug|x64
		{54BCD7D8-057B-42E7-9C92-DD3D3C5B1932}.Debug|x86.ActiveCfg = Debug|Win32
		{54BCD7D8-057B-42E7-9C92-DD3D3C5B1932}.Debug|x86.Build.0 = Debug|Win32
		{54BCD7D8-057B-42E7-9C92-DD3D3C5B1932}.Release|x64.ActiveCfg = Release|x64
		{54BCD7D8-057B-42E7-9C92-DD3D3C5B1932}.Release|x64.Build.0 = Release|x64
		{54BCD7D8-057B-42E7-9C92-DD3D3C5B1932}.Release|x86.ActiveCfg = Release|Win32
		{54BCD7D8-057B-42E7-9C92-DD3D3C5B1932}.Release|x86.Build.0 = Release|Win32
		{023A252B-8912-4C8E-810A-53E403F611F5}.Debug|x64.ActiveCfg = Debug|x64
		{023A252B-8912-4C8E-810A-53E403F611F5}.Debug|x64.Build.0 = Debug|x64
		{023A252B-8912-4C8E-810A-53E403F611F5}.Debug|x86.ActiveCfg = Debug|Win32
		{023A252B-8912-4C8E-810A-53E403F611F5}.Debug|x86.Build.0 = Debug|Win32
		{023A252B-8912-4C8E-810A-53E403F611F5}.Release|x64.ActiveCfg = Release|x64
		{023A252B-8912-4C8E-810A-53E403F611F5}.Release|x64.Build.0 = Release|x64
		{023A252B-8912-4C8E-810A-53E403F611F5}.Release|x86.ActiveCfg = Release|Win32
		{023A252B-8912-4C8E-810A-53E403F611F5}.Release|x86.Build.0 = Release|Win32
		{B46C4218-0A24-44AD-94A5-54C5E7400EFE}.Debug|x64.ActiveCfg = Debug|x64
		{B46C4218-0A24-44AD-94A5-54C5E7400EFE}.Debug|x64.Build.0 = Debug|x64
		{B46C4218-0A24-44AD-94A5-54C5E7400EFE}.Debug|x86.ActiveCfg = Debug|Win32
		{B46C4218-0A24-44AD-94A5-54C5E7400EFE}.Debug|x86.Build.0 = Debug|Win32
		{B46C4218-0A24-44AD-94A5-54C5E7400EFE}.Release|x64.ActiveCfg = Release|x64
		{B46C4218-0A24-44AD-94A5-54C5E7400EFE}.Release|x64.Build.0 = Release|x64
		{B46C4218-0A24-44AD-94A5-54C5E7400EFE}.Release|x86.ActiveCfg = Release|Win32
		{B46C4218-0A24-44AD-94A5-54C5E7400EFE}.Release|x86.Build.0 = Release|Win32
		{D450B1D4-6ADD-4800-9828-AA33CA7742F4}.Debug|x64.ActiveCfg = Debug|x64
		{D450B1D4-6ADD-4800-9828-AA33CA7742F4}.Debug|x64.Build.0 = Debug|x64
		{D450B1D4-6ADD-4800-9828-AA33CA7742F4}.Debug|x86.ActiveCfg = Debug|Win32
		{D450B1D4-6ADD-4800-9828-AA33CA7742F4}.Debug|x86.Build.0 = Debug|Win32
		{D450B1D4-6ADD-4800-9828-AA33CA7742F4}.Release|x64.ActiveCfg = Release|x64
		{D450B1D4-6ADD-4800-9828-AA33CA7742F4}.Release|x64.Build.0 = Release|x64
		{D450B1D4-6ADD-4800-9828-AA33CA7742F4}.Release|x86.ActiveCfg = Release|Win32
		{D450B1D4-6ADD-4800-9828-AA33CA7742F4}.Release|x86.Build.0 = Release|Win32
		{5566C83B-DF2E-435F-8864-9121E69D9DC3}.Debug|x64.ActiveCfg = Debug|x64
		{5566C83B-DF2E-435F-8864-9121E69D9DC3}.Debug|x64.Build.0 = Debug|x64
		{5566C83B-DF2E-435F-8864-9121E69D9DC3}.Debug|x86.ActiveCfg = Debug|Win32
		{5566C83B-DF2E-435F-8864-9121E69D9DC3}.Debug|x86.Build.0 = Debug|Win32
		{5566C83B-DF2E-435F-8864-9121E69D9DC3}.Release|x64.ActiveCfg = Release|x64
		{5566C83B-DF2E-435F-8864-9121E69D9DC3}.Release|x64.Build.0 = Release|x64
		{5566C83B-DF2E-435F-8864-9121E69D9DC3}.Release|x86.ActiveCfg = Release|Win32
		{5566C83B-DF2E-435F-8864-9121E69D9DC3}.Release|x86.Build.0 = Release|Win32
		{30443299-38AD-4E0E-AF49-4D44499D1CC7}.Debug|x64.ActiveCfg = Debug|x64
		{30443299-38AD-4E0E-AF49-4D44499D1CC7}.Debug|x64.Build.0 = Debug|x64
		{30443299-38AD-4E0E-AF49-4D44499D1CC7}.Debug|x86.ActiveCfg = Debug|Win32
		{30443299-38AD-4E0E-AF49-4D44499D1CC7}.Debug|x86.Build.0 = Debug|Win32
		{30443299-38AD-4E0E-AF49-4D44499D1CC7}.Release|x64.ActiveCfg = Release|x64
		{30443299-38AD-4E0E-AF49-4D44499D1CC7}.Release|x64.Build.0 = Release|x64
		{30443299-38AD-4E0E-AF49-4D44499D1CC7}.Release|x86.ActiveCfg = Release|Win32
		{30443299-38AD-4E0E-AF49-4D44499D1CC7}.Release|x86.Build.0 = Release|Win32
		{2F142146-EBFA-4C73-86B7-0B1DE4F209EE}.Debug|x64.ActiveCfg = Debug|x64
		{2F142146-EBFA-4C73-86B7-0B1DE4F209EE}.Debug|x64.Build.0 = Debug|x64
		{2F142146-EBFA-4C73-86B7-0B1DE4F209EE}.Debug|x86.ActiveCfg = Debug|Win32
		{2F142146-EBFA-4C73-86B7-0B1DE4F209EE}.Debug|x86.Build.0 = Debug|Win32
		{2F142146-EBFA-4C73-86B7-0B1DE4F209EE}.Release|x64.ActiveCfg = Release|x64
		{2F142146-EBFA-4C73-86B7-0B1DE4F209EE}.Release|x64.Build.0 = Release|x64
		{2F142146-EBFA-4C73-86B7-0B1DE4F209EE}.Release|x86.ActiveCfg = Release|Win32
		{2F142146-EBFA-4C73-86B7-0B1DE4F209EE}.Release|x86.Build.0 = Release|Win32
		{AE58A5D2-BD3A-4A42-A7E5-3D4E35774ED2}.Debug|x64.ActiveCfg = Debug|x64
		{AE58A5D2-BD3A-4A42-A7E5-3D4E35774ED2}.Debug|x64.Build.0 = Debug|x64
		{AE58A5D2-BD3A-4A42-A7E5-3D4E35774ED2}.Debug|x86.ActiveCfg = Debug|Win32
		{AE58A5D2-BD3A-4A42-A7E5-3D4E35774ED2}.Debug|x86.Build.0 = Debug|Win32
		{AE58A5D2-BD3A-4A42-A7E5-3D4E35774ED2}.Release|x64.ActiveCfg = Release|x64
		{AE58A5D2-BD3A-4A42-A7E5-3D4E35774ED2}.Release|x64.Build.0 = Release|x64
		{AE58A5D2-BD3A-4A42-A7E5-3D4E35774ED2}.Release|x86.ActiveCfg = Release|Win32
		{AE58A5D2-BD3A-4A42-A7E5-3D4E35774ED2}.Release|x86.Build.0 = Release|Win32
		{0859FE97-033C-4063-A577-45B53008EBA7}.Debug|x64.ActiveCfg = Debug|x64
		{0859FE97-033C-4063-A577-45B53008EBA7}.Debug|x64.Build.0 = Debug|x64
		{0859FE97-033C-4063-A577-45B53008EBA7}.Debug|x86.ActiveCfg = Debug|Win32
		{0859FE97-033C-4063-A577-45B53008EBA7}.Debug|x86.Build.0 = Debug|Win32
		{0859FE97-033C-4063-A577-45B53008EBA7}.Release|x64.ActiveCfg = Release|x64
		{0859FE97-033C-4063-A577-45B53008EBA7}.Release|x64.Build.0 = Release|x64
		{0859FE97-033C-4063-A577-45B53008EBA7}.Release|x86.ActiveCfg = Release|Win32
		{0859FE97-033C-4063-A577-45B53008EBA7}.Release|x86.Build.0 = Release|Win32
	EndGlobalSection
	GlobalSection(SolutionProperties) = preSolution
		HideSolutionNode = FALSE
	EndGlobalSection
	GlobalSection(ExtensibilityGlobals) = postSolution
		SolutionGuid = {847C00F9-A47D-4B6E-9FFD-B13444D34C2E}
	EndGlobalSection
EndGlobal
